// !$*UTF8*$!
{
	archiveVersion = 1;
	classes = {
	};
	objectVersion = 50;
	objects = {

/* Begin PBXBuildFile section */
		4C1EE32D2317B6B4002F9B21 /* AppDelegate.swift in Sources */ = {isa = PBXBuildFile; fileRef = 4C1EE32C2317B6B4002F9B21 /* AppDelegate.swift */; };
		4C1EE32F2317B6B4002F9B21 /* ViewController.swift in Sources */ = {isa = PBXBuildFile; fileRef = 4C1EE32E2317B6B4002F9B21 /* ViewController.swift */; };
		4C1EE3322317B6B4002F9B21 /* Main.storyboard in Resources */ = {isa = PBXBuildFile; fileRef = 4C1EE3302317B6B4002F9B21 /* Main.storyboard */; };
		4C1EE3352317B6B4002F9B21 /* InteractiveGameSelf.xcdatamodeld in Sources */ = {isa = PBXBuildFile; fileRef = 4C1EE3332317B6B4002F9B21 /* InteractiveGameSelf.xcdatamodeld */; };
		4C1EE3372317B6B6002F9B21 /* Assets.xcassets in Resources */ = {isa = PBXBuildFile; fileRef = 4C1EE3362317B6B6002F9B21 /* Assets.xcassets */; };
		4C1EE33A2317B6B6002F9B21 /* LaunchScreen.storyboard in Resources */ = {isa = PBXBuildFile; fileRef = 4C1EE3382317B6B6002F9B21 /* LaunchScreen.storyboard */; };
		4C1EE3452317B6B6002F9B21 /* InteractiveGameSelfTests.swift in Sources */ = {isa = PBXBuildFile; fileRef = 4C1EE3442317B6B6002F9B21 /* InteractiveGameSelfTests.swift */; };
		4C1EE3522317BA33002F9B21 /* PageController.swift in Sources */ = {isa = PBXBuildFile; fileRef = 4C1EE3512317BA33002F9B21 /* PageController.swift */; };
		4C1EE3552317BB74002F9B21 /* Page.swift in Sources */ = {isa = PBXBuildFile; fileRef = 4C1EE3542317BB74002F9B21 /* Page.swift */; };
		4C1EE3572317BBD0002F9B21 /* Story.swift in Sources */ = {isa = PBXBuildFile; fileRef = 4C1EE3562317BBD0002F9B21 /* Story.swift */; };
/* End PBXBuildFile section */

/* Begin PBXContainerItemProxy section */
		4C1EE3412317B6B6002F9B21 /* PBXContainerItemProxy */ = {
			isa = PBXContainerItemProxy;
			containerPortal = 4C1EE3212317B6B4002F9B21 /* Project object */;
			proxyType = 1;
			remoteGlobalIDString = 4C1EE3282317B6B4002F9B21;
			remoteInfo = InteractiveGameSelf;
		};
/* End PBXContainerItemProxy section */

/* Begin PBXFileReference section */
		4C1EE3292317B6B4002F9B21 /* InteractiveGameSelf.app */ = {isa = PBXFileReference; explicitFileType = wrapper.application; includeInIndex = 0; path = InteractiveGameSelf.app; sourceTree = BUILT_PRODUCTS_DIR; };
		4C1EE32C2317B6B4002F9B21 /* AppDelegate.swift */ = {isa = PBXFileReference; lastKnownFileType = sourcecode.swift; path = AppDelegate.swift; sourceTree = "<group>"; };
		4C1EE32E2317B6B4002F9B21 /* ViewController.swift */ = {isa = PBXFileReference; lastKnownFileType = sourcecode.swift; path = ViewController.swift; sourceTree = "<group>"; };
		4C1EE3312317B6B4002F9B21 /* Base */ = {isa = PBXFileReference; lastKnownFileType = file.storyboard; name = Base; path = Base.lproj/Main.storyboard; sourceTree = "<group>"; };
		4C1EE3342317B6B4002F9B21 /* InteractiveGameSelf.xcdatamodel */ = {isa = PBXFileReference; lastKnownFileType = wrapper.xcdatamodel; path = InteractiveGameSelf.xcdatamodel; sourceTree = "<group>"; };
		4C1EE3362317B6B6002F9B21 /* Assets.xcassets */ = {isa = PBXFileReference; lastKnownFileType = folder.assetcatalog; path = Assets.xcassets; sourceTree = "<group>"; };
		4C1EE3392317B6B6002F9B21 /* Base */ = {isa = PBXFileReference; lastKnownFileType = file.storyboard; name = Base; path = Base.lproj/LaunchScreen.storyboard; sourceTree = "<group>"; };
		4C1EE33B2317B6B6002F9B21 /* Info.plist */ = {isa = PBXFileReference; lastKnownFileType = text.plist.xml; path = Info.plist; sourceTree = "<group>"; };
		4C1EE3402317B6B6002F9B21 /* InteractiveGameSelfTests.xctest */ = {isa = PBXFileReference; explicitFileType = wrapper.cfbundle; includeInIndex = 0; path = InteractiveGameSelfTests.xctest; sourceTree = BUILT_PRODUCTS_DIR; };
		4C1EE3442317B6B6002F9B21 /* InteractiveGameSelfTests.swift */ = {isa = PBXFileReference; lastKnownFileType = sourcecode.swift; path = InteractiveGameSelfTests.swift; sourceTree = "<group>"; };
		4C1EE3462317B6B6002F9B21 /* Info.plist */ = {isa = PBXFileReference; lastKnownFileType = text.plist.xml; path = Info.plist; sourceTree = "<group>"; };
		4C1EE3512317BA33002F9B21 /* PageController.swift */ = {isa = PBXFileReference; lastKnownFileType = sourcecode.swift; path = PageController.swift; sourceTree = "<group>"; };
		4C1EE3542317BB74002F9B21 /* Page.swift */ = {isa = PBXFileReference; lastKnownFileType = sourcecode.swift; path = Page.swift; sourceTree = "<group>"; };
		4C1EE3562317BBD0002F9B21 /* Story.swift */ = {isa = PBXFileReference; lastKnownFileType = sourcecode.swift; path = Story.swift; sourceTree = "<group>"; };
/* End PBXFileReference section */

/* Begin PBXFrameworksBuildPhase section */
		4C1EE3262317B6B4002F9B21 /* Frameworks */ = {
			isa = PBXFrameworksBuildPhase;
			buildActionMask = 2147483647;
			files = (
			);
			runOnlyForDeploymentPostprocessing = 0;
		};
		4C1EE33D2317B6B6002F9B21 /* Frameworks */ = {
			isa = PBXFrameworksBuildPhase;
			buildActionMask = 2147483647;
			files = (
			);
			runOnlyForDeploymentPostprocessing = 0;
		};
/* End PBXFrameworksBuildPhase section */

/* Begin PBXGroup section */
		4C1EE3202317B6B4002F9B21 = {
			isa = PBXGroup;
			children = (
				4C1EE3532317BA5E002F9B21 /* ViewControllers */,
				4C1EE32B2317B6B4002F9B21 /* InteractiveGameSelf */,
				4C1EE3432317B6B6002F9B21 /* InteractiveGameSelfTests */,
				4C1EE32A2317B6B4002F9B21 /* Products */,
			);
			sourceTree = "<group>";
		};
		4C1EE32A2317B6B4002F9B21 /* Products */ = {
			isa = PBXGroup;
			children = (
				4C1EE3292317B6B4002F9B21 /* InteractiveGameSelf.app */,
				4C1EE3402317B6B6002F9B21 /* InteractiveGameSelfTests.xctest */,
			);
			name = Products;
			sourceTree = "<group>";
		};
		4C1EE32B2317B6B4002F9B21 /* InteractiveGameSelf */ = {
			isa = PBXGroup;
			children = (
				4C1EE32C2317B6B4002F9B21 /* AppDelegate.swift */,
				4C1EE3302317B6B4002F9B21 /* Main.storyboard */,
				4C1EE3362317B6B6002F9B21 /* Assets.xcassets */,
				4C1EE3382317B6B6002F9B21 /* LaunchScreen.storyboard */,
				4C1EE33B2317B6B6002F9B21 /* Info.plist */,
				4C1EE3332317B6B4002F9B21 /* InteractiveGameSelf.xcdatamodeld */,
				4C1EE3542317BB74002F9B21 /* Page.swift */,
				4C1EE3562317BBD0002F9B21 /* Story.swift */,
			);
			path = InteractiveGameSelf;
			sourceTree = "<group>";
		};
		4C1EE3432317B6B6002F9B21 /* InteractiveGameSelfTests */ = {
			isa = PBXGroup;
			children = (
				4C1EE3442317B6B6002F9B21 /* InteractiveGameSelfTests.swift */,
				4C1EE3462317B6B6002F9B21 /* Info.plist */,
			);
			path = InteractiveGameSelfTests;
			sourceTree = "<group>";
		};
		4C1EE3532317BA5E002F9B21 /* ViewControllers */ = {
			isa = PBXGroup;
			children = (
				4C1EE32E2317B6B4002F9B21 /* ViewController.swift */,
				4C1EE3512317BA33002F9B21 /* PageController.swift */,
			);
			path = ViewControllers;
			sourceTree = "<group>";
		};
/* End PBXGroup section */

/* Begin PBXNativeTarget section */
		4C1EE3282317B6B4002F9B21 /* InteractiveGameSelf */ = {
			isa = PBXNativeTarget;
			buildConfigurationList = 4C1EE3492317B6B6002F9B21 /* Build configuration list for PBXNativeTarget "InteractiveGameSelf" */;
			buildPhases = (
				4C1EE3252317B6B4002F9B21 /* Sources */,
				4C1EE3262317B6B4002F9B21 /* Frameworks */,
				4C1EE3272317B6B4002F9B21 /* Resources */,
			);
			buildRules = (
			);
			dependencies = (
			);
			name = InteractiveGameSelf;
			productName = InteractiveGameSelf;
			productReference = 4C1EE3292317B6B4002F9B21 /* InteractiveGameSelf.app */;
			productType = "com.apple.product-type.application";
		};
		4C1EE33F2317B6B6002F9B21 /* InteractiveGameSelfTests */ = {
			isa = PBXNativeTarget;
			buildConfigurationList = 4C1EE34C2317B6B6002F9B21 /* Build configuration list for PBXNativeTarget "InteractiveGameSelfTests" */;
			buildPhases = (
				4C1EE33C2317B6B6002F9B21 /* Sources */,
				4C1EE33D2317B6B6002F9B21 /* Frameworks */,
				4C1EE33E2317B6B6002F9B21 /* Resources */,
			);
			buildRules = (
			);
			dependencies = (
				4C1EE3422317B6B6002F9B21 /* PBXTargetDependency */,
			);
			name = InteractiveGameSelfTests;
			productName = InteractiveGameSelfTests;
			productReference = 4C1EE3402317B6B6002F9B21 /* InteractiveGameSelfTests.xctest */;
			productType = "com.apple.product-type.bundle.unit-test";
		};
/* End PBXNativeTarget section */

/* Begin PBXProject section */
		4C1EE3212317B6B4002F9B21 /* Project object */ = {
			isa = PBXProject;
			attributes = {
				LastSwiftUpdateCheck = 1030;
				LastUpgradeCheck = 1030;
				ORGANIZATIONNAME = splashTeam;
				TargetAttributes = {
					4C1EE3282317B6B4002F9B21 = {
						CreatedOnToolsVersion = 10.3;
					};
					4C1EE33F2317B6B6002F9B21 = {
						CreatedOnToolsVersion = 10.3;
						TestTargetID = 4C1EE3282317B6B4002F9B21;
					};
				};
			};
			buildConfigurationList = 4C1EE3242317B6B4002F9B21 /* Build configuration list for PBXProject "InteractiveGameSelf" */;
			compatibilityVersion = "Xcode 9.3";
			developmentRegion = en;
			hasScannedForEncodings = 0;
			knownRegions = (
				en,
				Base,
			);
			mainGroup = 4C1EE3202317B6B4002F9B21;
			productRefGroup = 4C1EE32A2317B6B4002F9B21 /* Products */;
			projectDirPath = "";
			projectRoot = "";
			targets = (
				4C1EE3282317B6B4002F9B21 /* InteractiveGameSelf */,
				4C1EE33F2317B6B6002F9B21 /* InteractiveGameSelfTests */,
			);
		};
/* End PBXProject section */

/* Begin PBXResourcesBuildPhase section */
		4C1EE3272317B6B4002F9B21 /* Resources */ = {
			isa = PBXResourcesBuildPhase;
			buildActionMask = 2147483647;
			files = (
				4C1EE33A2317B6B6002F9B21 /* LaunchScreen.storyboard in Resources */,
				4C1EE3372317B6B6002F9B21 /* Assets.xcassets in Resources */,
				4C1EE3322317B6B4002F9B21 /* Main.storyboard in Resources */,
			);
			runOnlyForDeploymentPostprocessing = 0;
		};
		4C1EE33E2317B6B6002F9B21 /* Resources */ = {
			isa = PBXResourcesBuildPhase;
			buildActionMask = 2147483647;
			files = (
			);
			runOnlyForDeploymentPostprocessing = 0;
		};
/* End PBXResourcesBuildPhase section */

/* Begin PBXSourcesBuildPhase section */
		4C1EE3252317B6B4002F9B21 /* Sources */ = {
			isa = PBXSourcesBuildPhase;
			buildActionMask = 2147483647;
			files = (
				4C1EE3522317BA33002F9B21 /* PageController.swift in Sources */,
				4C1EE3352317B6B4002F9B21 /* InteractiveGameSelf.xcdatamodeld in Sources */,
				4C1EE32F2317B6B4002F9B21 /* ViewController.swift in Sources */,
				4C1EE32D2317B6B4002F9B21 /* AppDelegate.swift in Sources */,
				4C1EE3552317BB74002F9B21 /* Page.swift in Sources */,
				4C1EE3572317BBD0002F9B21 /* Story.swift in Sources */,
			);
			runOnlyForDeploymentPostprocessing = 0;
		};
		4C1EE33C2317B6B6002F9B21 /* Sources */ = {
			isa = PBXSourcesBuildPhase;
			buildActionMask = 2147483647;
			files = (
				4C1EE3452317B6B6002F9B21 /* InteractiveGameSelfTests.swift in Sources */,
			);
			runOnlyForDeploymentPostprocessing = 0;
		};
/* End PBXSourcesBuildPhase section */

/* Begin PBXTargetDependency section */
		4C1EE3422317B6B6002F9B21 /* PBXTargetDependency */ = {
			isa = PBXTargetDependency;
			target = 4C1EE3282317B6B4002F9B21 /* InteractiveGameSelf */;
			targetProxy = 4C1EE3412317B6B6002F9B21 /* PBXContainerItemProxy */;
		};
/* End PBXTargetDependency section */

/* Begin PBXVariantGroup section */
		4C1EE3302317B6B4002F9B21 /* Main.storyboard */ = {
			isa = PBXVariantGroup;
			children = (
				4C1EE3312317B6B4002F9B21 /* Base */,
			);
			name = Main.storyboard;
			sourceTree = "<group>";
		};
		4C1EE3382317B6B6002F9B21 /* LaunchScreen.storyboard */ = {
			isa = PBXVariantGroup;
			children = (
				4C1EE3392317B6B6002F9B21 /* Base */,
			);
			name = LaunchScreen.storyboard;
			sourceTree = "<group>";
		};
/* End PBXVariantGroup section */

/* Begin XCBuildConfiguration section */
		4C1EE3472317B6B6002F9B21 /* Debug */ = {
			isa = XCBuildConfiguration;
			buildSettings = {
				ALWAYS_SEARCH_USER_PATHS = NO;
				CLANG_ANALYZER_NONNULL = YES;
				CLANG_ANALYZER_NUMBER_OBJECT_CONVERSION = YES_AGGRESSIVE;
				CLANG_CXX_LANGUAGE_STANDARD = "gnu++14";
				CLANG_CXX_LIBRARY = "libc++";
				CLANG_ENABLE_MODULES = YES;
				CLANG_ENABLE_OBJC_ARC = YES;
				CLANG_ENABLE_OBJC_WEAK = YES;
				CLANG_WARN_BLOCK_CAPTURE_AUTORELEASING = YES;
				CLANG_WARN_BOOL_CONVERSION = YES;
				CLANG_WARN_COMMA = YES;
				CLANG_WARN_CONSTANT_CONVERSION = YES;
				CLANG_WARN_DEPRECATED_OBJC_IMPLEMENTATIONS = YES;
				CLANG_WARN_DIRECT_OBJC_ISA_USAGE = YES_ERROR;
				CLANG_WARN_DOCUMENTATION_COMMENTS = YES;
				CLANG_WARN_EMPTY_BODY = YES;
				CLANG_WARN_ENUM_CONVERSION = YES;
				CLANG_WARN_INFINITE_RECURSION = YES;
				CLANG_WARN_INT_CONVERSION = YES;
				CLANG_WARN_NON_LITERAL_NULL_CONVERSION = YES;
				CLANG_WARN_OBJC_IMPLICIT_RETAIN_SELF = YES;
				CLANG_WARN_OBJC_LITERAL_CONVERSION = YES;
				CLANG_WARN_OBJC_ROOT_CLASS = YES_ERROR;
				CLANG_WARN_RANGE_LOOP_ANALYSIS = YES;
				CLANG_WARN_STRICT_PROTOTYPES = YES;
				CLANG_WARN_SUSPICIOUS_MOVE = YES;
				CLANG_WARN_UNGUARDED_AVAILABILITY = YES_AGGRESSIVE;
				CLANG_WARN_UNREACHABLE_CODE = YES;
				CLANG_WARN__DUPLICATE_METHOD_MATCH = YES;
				CODE_SIGN_IDENTITY = "iPhone Developer";
				COPY_PHASE_STRIP = NO;
				DEBUG_INFORMATION_FORMAT = dwarf;
				ENABLE_STRICT_OBJC_MSGSEND = YES;
				ENABLE_TESTABILITY = YES;
				GCC_C_LANGUAGE_STANDARD = gnu11;
				GCC_DYNAMIC_NO_PIC = NO;
				GCC_NO_COMMON_BLOCKS = YES;
				GCC_OPTIMIZATION_LEVEL = 0;
				GCC_PREPROCESSOR_DEFINITIONS = (
					"DEBUG=1",
					"$(inherited)",
				);
				GCC_WARN_64_TO_32_BIT_CONVERSION = YES;
				GCC_WARN_ABOUT_RETURN_TYPE = YES_ERROR;
				GCC_WARN_UNDECLARED_SELECTOR = YES;
				GCC_WARN_UNINITIALIZED_AUTOS = YES_AGGRESSIVE;
				GCC_WARN_UNUSED_FUNCTION = YES;
				GCC_WARN_UNUSED_VARIABLE = YES;
				IPHONEOS_DEPLOYMENT_TARGET = 12.4;
				MTL_ENABLE_DEBUG_INFO = INCLUDE_SOURCE;
				MTL_FAST_MATH = YES;
				ONLY_ACTIVE_ARCH = YES;
				SDKROOT = iphoneos;
				SWIFT_ACTIVE_COMPILATION_CONDITIONS = DEBUG;
				SWIFT_OPTIMIZATION_LEVEL = "-Onone";
			};
			name = Debug;
		};
		4C1EE3482317B6B6002F9B21 /* Release */ = {
			isa = XCBuildConfiguration;
			buildSettings = {
				ALWAYS_SEARCH_USER_PATHS = NO;
				CLANG_ANALYZER_NONNULL = YES;
				CLANG_ANALYZER_NUMBER_OBJECT_CONVERSION = YES_AGGRESSIVE;
				CLANG_CXX_LANGUAGE_STANDARD = "gnu++14";
				CLANG_CXX_LIBRARY = "libc++";
				CLANG_ENABLE_MODULES = YES;
				CLANG_ENABLE_OBJC_ARC = YES;
				CLANG_ENABLE_OBJC_WEAK = YES;
				CLANG_WARN_BLOCK_CAPTURE_AUTORELEASING = YES;
				CLANG_WARN_BOOL_CONVERSION = YES;
				CLANG_WARN_COMMA = YES;
				CLANG_WARN_CONSTANT_CONVERSION = YES;
				CLANG_WARN_DEPRECATED_OBJC_IMPLEMENTATIONS = YES;
				CLANG_WARN_DIRECT_OBJC_ISA_USAGE = YES_ERROR;
				CLANG_WARN_DOCUMENTATION_COMMENTS = YES;
				CLANG_WARN_EMPTY_BODY = YES;
				CLANG_WARN_ENUM_CONVERSION = YES;
				CLANG_WARN_INFINITE_RECURSION = YES;
				CLANG_WARN_INT_CONVERSION = YES;
				CLANG_WARN_NON_LITERAL_NULL_CONVERSION = YES;
				CLANG_WARN_OBJC_IMPLICIT_RETAIN_SELF = YES;
				CLANG_WARN_OBJC_LITERAL_CONVERSION = YES;
				CLANG_WARN_OBJC_ROOT_CLASS = YES_ERROR;
				CLANG_WARN_RANGE_LOOP_ANALYSIS = YES;
				CLANG_WARN_STRICT_PROTOTYPES = YES;
				CLANG_WARN_SUSPICIOUS_MOVE = YES;
				CLANG_WARN_UNGUARDED_AVAILABILITY = YES_AGGRESSIVE;
				CLANG_WARN_UNREACHABLE_CODE = YES;
				CLANG_WARN__DUPLICATE_METHOD_MATCH = YES;
				CODE_SIGN_IDENTITY = "iPhone Developer";
				COPY_PHASE_STRIP = NO;
				DEBUG_INFORMATION_FORMAT = "dwarf-with-dsym";
				ENABLE_NS_ASSERTIONS = NO;
				ENABLE_STRICT_OBJC_MSGSEND = YES;
				GCC_C_LANGUAGE_STANDARD = gnu11;
				GCC_NO_COMMON_BLOCKS = YES;
				GCC_WARN_64_TO_32_BIT_CONVERSION = YES;
				GCC_WARN_ABOUT_RETURN_TYPE = YES_ERROR;
				GCC_WARN_UNDECLARED_SELECTOR = YES;
				GCC_WARN_UNINITIALIZED_AUTOS = YES_AGGRESSIVE;
				GCC_WARN_UNUSED_FUNCTION = YES;
				GCC_WARN_UNUSED_VARIABLE = YES;
				IPHONEOS_DEPLOYMENT_TARGET = 12.4;
				MTL_ENABLE_DEBUG_INFO = NO;
				MTL_FAST_MATH = YES;
				SDKROOT = iphoneos;
				SWIFT_COMPILATION_MODE = wholemodule;
				SWIFT_OPTIMIZATION_LEVEL = "-O";
				VALIDATE_PRODUCT = YES;
			};
			name = Release;
		};
		4C1EE34A2317B6B6002F9B21 /* Debug */ = {
			isa = XCBuildConfiguration;
			buildSettings = {
				ASSETCATALOG_COMPILER_APPICON_NAME = AppIcon;
				CODE_SIGN_STYLE = Automatic;
				DEVELOPMENT_TEAM = 9SVB5Y653V;
				INFOPLIST_FILE = InteractiveGameSelf/Info.plist;
				LD_RUNPATH_SEARCH_PATHS = (
					"$(inherited)",
					"@executable_path/Frameworks",
				);
				PRODUCT_BUNDLE_IDENTIFIER = com.splash.InteractiveGameSelf;
				PRODUCT_NAME = "$(TARGET_NAME)";
				SWIFT_VERSION = 5.0;
				TARGETED_DEVICE_FAMILY = "1,2";
			};
			name = Debug;
		};
		4C1EE34B2317B6B6002F9B21 /* Release */ = {
			isa = XCBuildConfiguration;
			buildSettings = {
				ASSETCATALOG_COMPILER_APPICON_NAME = AppIcon;
				CODE_SIGN_STYLE = Automatic;
				DEVELOPMENT_TEAM = 9SVB5Y653V;
				INFOPLIST_FILE = InteractiveGameSelf/Info.plist;
				LD_RUNPATH_SEARCH_PATHS = (
					"$(inherited)",
					"@executable_path/Frameworks",
				);
				PRODUCT_BUNDLE_IDENTIFIER = com.splash.InteractiveGameSelf;
				PRODUCT_NAME = "$(TARGET_NAME)";
				SWIFT_VERSION = 5.0;
				TARGETED_DEVICE_FAMILY = "1,2";
			};
			name = Release;
		};
		4C1EE34D2317B6B6002F9B21 /* Debug */ = {
			isa = XCBuildConfiguration;
			buildSettings = {
				ALWAYS_EMBED_SWIFT_STANDARD_LIBRARIES = YES;
				BUNDLE_LOADER = "$(TEST_HOST)";
				CODE_SIGN_STYLE = Automatic;
				DEVELOPMENT_TEAM = 9SVB5Y653V;
				INFOPLIST_FILE = InteractiveGameSelfTests/Info.plist;
				LD_RUNPATH_SEARCH_PATHS = (
					"$(inherited)",
					"@executable_path/Frameworks",
					"@loader_path/Frameworks",
				);
				PRODUCT_BUNDLE_IDENTIFIER = com.splash.InteractiveGameSelfTests;
				PRODUCT_NAME = "$(TARGET_NAME)";
				SWIFT_VERSION = 5.0;
				TARGETED_DEVICE_FAMILY = "1,2";
				TEST_HOST = "$(BUILT_PRODUCTS_DIR)/InteractiveGameSelf.app/InteractiveGameSelf";
			};
			name = Debug;
		};
		4C1EE34E2317B6B6002F9B21 /* Release */ = {
			isa = XCBuildConfiguration;
			buildSettings = {
				ALWAYS_EMBED_SWIFT_STANDARD_LIBRARIES = YES;
				BUNDLE_LOADER = "$(TEST_HOST)";
				CODE_SIGN_STYLE = Automatic;
				DEVELOPMENT_TEAM = 9SVB5Y653V;
				INFOPLIST_FILE = InteractiveGameSelfTests/Info.plist;
				LD_RUNPATH_SEARCH_PATHS = (
					"$(inherited)",
					"@executable_path/Frameworks",
					"@loader_path/Frameworks",
				);
				PRODUCT_BUNDLE_IDENTIFIER = com.splash.InteractiveGameSelfTests;
				PRODUCT_NAME = "$(TARGET_NAME)";
				SWIFT_VERSION = 5.0;
				TARGETED_DEVICE_FAMILY = "1,2";
				TEST_HOST = "$(BUILT_PRODUCTS_DIR)/InteractiveGameSelf.app/InteractiveGameSelf";
			};
			name = Release;
		};
/* End XCBuildConfiguration section */

/* Begin XCConfigurationList section */
		4C1EE3242317B6B4002F9B21 /* Build configuration list for PBXProject "InteractiveGameSelf" */ = {
			isa = XCConfigurationList;
			buildConfigurations = (
				4C1EE3472317B6B6002F9B21 /* Debug */,
				4C1EE3482317B6B6002F9B21 /* Release */,
			);
			defaultConfigurationIsVisible = 0;
			defaultConfigurationName = Release;
		};
		4C1EE3492317B6B6002F9B21 /* Build configuration list for PBXNativeTarget "InteractiveGameSelf" */ = {
			isa = XCConfigurationList;
			buildConfigurations = (
				4C1EE34A2317B6B6002F9B21 /* Debug */,
				4C1EE34B2317B6B6002F9B21 /* Release */,
			);
			defaultConfigurationIsVisible = 0;
			defaultConfigurationName = Release;
		};
		4C1EE34C2317B6B6002F9B21 /* Build configuration list for PBXNativeTarget "InteractiveGameSelfTests" */ = {
			isa = XCConfigurationList;
			buildConfigurations = (
				4C1EE34D2317B6B6002F9B21 /* Debug */,
				4C1EE34E2317B6B6002F9B21 /* Release */,
			);
			defaultConfigurationIsVisible = 0;
			defaultConfigurationName = Release;
		};
/* End XCConfigurationList section */

/* Begin XCVersionGroup section */
		4C1EE3332317B6B4002F9B21 /* InteractiveGameSelf.xcdatamodeld */ = {
			isa = XCVersionGroup;
			children = (
				4C1EE3342317B6B4002F9B21 /* InteractiveGameSelf.xcdatamodel */,
			);
			currentVersion = 4C1EE3342317B6B4002F9B21 /* InteractiveGameSelf.xcdatamodel */;
			path = InteractiveGameSelf.xcdatamodeld;
			sourceTree = "<group>";
			versionGroupType = wrapper.xcdatamodel;
		};
/* End XCVersionGroup section */
	};
	rootObject = 4C1EE3212317B6B4002F9B21 /* Project object */;
}
